
Microsoft Visual Studio Solution File, Format Version 12.00
# Visual Studio Version 17
VisualStudioVersion = 17.2.32616.157
MinimumVisualStudioVersion = 10.0.40219.1
Project("{FAE04EC0-301F-11D3-BF4B-00C04F79EFBC}") = "MyNewApplication", "MyNewApplication\MyNewApplication.csproj", "{8A5D3D2D-9203-4F3C-8859-C2C45A788A2A}"
EndProject
Global
	GlobalSection(SolutionConfigurationPlatforms) = preSolution
		Debug|Any CPU = Debug|Any CPU
		Release|Any CPU = Release|Any CPU
	EndGlobalSection
	GlobalSection(ProjectConfigurationPlatforms) = postSolution
		{8A5D3D2D-9203-4F3C-8859-C2C45A788A2A}.Debug|Any CPU.ActiveCfg = Debug|Any CPU
		{8A5D3D2D-9203-4F3C-8859-C2C45A788A2A}.Debug|Any CPU.Build.0 = Debug|Any CPU
		{8A5D3D2D-9203-4F3C-8859-C2C45A788A2A}.Release|Any CPU.ActiveCfg = Release|Any CPU
		{8A5D3D2D-9203-4F3C-8859-C2C45A788A2A}.Release|Any CPU.Build.0 = Release|Any CPU
	EndGlobalSection
	GlobalSection(SolutionProperties) = preSolution
		HideSolutionNode = FALSE
	EndGlobalSection
	GlobalSection(ExtensibilityGlobals) = postSolution
		SolutionGuid = {38C5F58E-D2F3-4A46-92E5-01DC43C2F90B}
	EndGlobalSection
EndGlobal
